
Microsoft Visual Studio Solution File, Format Version 12.00
# Visual Studio Version 16
VisualStudioVersion = 16.0.30413.136
MinimumVisualStudioVersion = 10.0.40219.1
Project("{FAE04EC0-301F-11D3-BF4B-00C04F79EFBC}") = "ConsoleApp1", "ConsoleApp1\ConsoleApp1.csproj", "{ABF5C26E-5954-40E1-A757-F89CF4ADC739}"
EndProject
Global
	GlobalSection(SolutionConfigurationPlatforms) = preSolution
		Debug|Any CPU = Debug|Any CPU
		Release|Any CPU = Release|Any CPU
	EndGlobalSection
	GlobalSection(ProjectConfigurationPlatforms) = postSolution
		{ABF5C26E-5954-40E1-A757-F89CF4ADC739}.Debug|Any CPU.ActiveCfg = Debug|Any CPU
		{ABF5C26E-5954-40E1-A757-F89CF4ADC739}.Debug|Any CPU.Build.0 = Debug|Any CPU
		{ABF5C26E-5954-40E1-A757-F89CF4ADC739}.Release|Any CPU.ActiveCfg = Release|Any CPU
		{ABF5C26E-5954-40E1-A757-F89CF4ADC739}.Release|Any CPU.Build.0 = Release|Any CPU
	EndGlobalSection
	GlobalSection(SolutionProperties) = preSolution
		HideSolutionNode = FALSE
	EndGlobalSection
	GlobalSection(ExtensibilityGlobals) = postSolution
		SolutionGuid = {46ED17EC-4EAD-4286-95EE-9D3FE5B4CD42}
	EndGlobalSection
EndGlobal
