
Microsoft Visual Studio Solution File, Format Version 12.00
# Visual Studio Version 16
VisualStudioVersion = 16.0.30413.136
MinimumVisualStudioVersion = 10.0.40219.1
Project("{FAE04EC0-301F-11D3-BF4B-00C04F79EFBC}") = "Exercicios.Domain", "Exercicios.Domain\Exercicios.Domain.csproj", "{0CA868CB-0C73-4050-B642-499B92D070C5}"
EndProject
Project("{FAE04EC0-301F-11D3-BF4B-00C04F79EFBC}") = "Exercicios.Tests", "Exercicios.Tests\Exercicios.Tests.csproj", "{BCCBC50B-AF22-4528-B697-10ACCEB6011C}"
EndProject
Global
	GlobalSection(SolutionConfigurationPlatforms) = preSolution
		Debug|Any CPU = Debug|Any CPU
		Release|Any CPU = Release|Any CPU
	EndGlobalSection
	GlobalSection(ProjectConfigurationPlatforms) = postSolution
		{0CA868CB-0C73-4050-B642-499B92D070C5}.Debug|Any CPU.ActiveCfg = Debug|Any CPU
		{0CA868CB-0C73-4050-B642-499B92D070C5}.Debug|Any CPU.Build.0 = Debug|Any CPU
		{0CA868CB-0C73-4050-B642-499B92D070C5}.Release|Any CPU.ActiveCfg = Release|Any CPU
		{0CA868CB-0C73-4050-B642-499B92D070C5}.Release|Any CPU.Build.0 = Release|Any CPU
		{BCCBC50B-AF22-4528-B697-10ACCEB6011C}.Debug|Any CPU.ActiveCfg = Debug|Any CPU
		{BCCBC50B-AF22-4528-B697-10ACCEB6011C}.Debug|Any CPU.Build.0 = Debug|Any CPU
		{BCCBC50B-AF22-4528-B697-10ACCEB6011C}.Release|Any CPU.ActiveCfg = Release|Any CPU
		{BCCBC50B-AF22-4528-B697-10ACCEB6011C}.Release|Any CPU.Build.0 = Release|Any CPU
	EndGlobalSection
	GlobalSection(SolutionProperties) = preSolution
		HideSolutionNode = FALSE
	EndGlobalSection
	GlobalSection(ExtensibilityGlobals) = postSolution
		SolutionGuid = {EE6BF8A1-135C-4B42-B63A-401A4B4210BD}
	EndGlobalSection
EndGlobal
